PODS:
  - FloatingPanel (1.7.6)
  - R.swift (5.2.2):
    - R.swift.Library (~> 5.2.0)
  - R.swift.Library (5.2.0)
  - SDWebImage (5.7.3):
    - SDWebImage/Core (= 5.7.3)
  - SDWebImage/Core (5.7.3)
  - SwiftLint (0.40.1)

DEPENDENCIES:
  - FloatingPanel
  - R.swift
  - SDWebImage
  - SwiftLint

SPEC REPOS:
  trunk:
    - FloatingPanel
    - R.swift
    - R.swift.Library
    - SDWebImage
    - SwiftLint

SPEC CHECKSUMS:
  FloatingPanel: 9016eac88f21ca9fce53f5709e1f49485c0c355e
  R.swift: 7c52cdc57a66840ffe6cbd8a823d732059d42a32
  R.swift.Library: 5ba4f1631300caf9a4d890186930da85d540769d
  SDWebImage: 97351f6582ceca541ea294ba66a1fcb342a331c2
  SwiftLint: bbfed21bf4451dcbd0f5cdbee44a18e06cf91b12

PODFILE CHECKSUM: c4b5493f7db7a2b7f37867a865bcb8ac42f7537d

COCOAPODS: 1.8.4
